
Microsoft Visual Studio Solution File, Format Version 12.00
# Visual Studio Version 17
VisualStudioVersion = 17.11.35219.272
MinimumVisualStudioVersion = 10.0.40219.1
Project("{FAE04EC0-301F-11D3-BF4B-00C04F79EFBC}") = "Uppgift2.3", "Uppgift2.3\Uppgift2.3.csproj", "{C1CBD71E-9E8C-457D-91B2-3AC2B9928796}"
EndProject
Global
	GlobalSection(SolutionConfigurationPlatforms) = preSolution
		Debug|Any CPU = Debug|Any CPU
		Release|Any CPU = Release|Any CPU
	EndGlobalSection
	GlobalSection(ProjectConfigurationPlatforms) = postSolution
		{C1CBD71E-9E8C-457D-91B2-3AC2B9928796}.Debug|Any CPU.ActiveCfg = Debug|Any CPU
		{C1CBD71E-9E8C-457D-91B2-3AC2B9928796}.Debug|Any CPU.Build.0 = Debug|Any CPU
		{C1CBD71E-9E8C-457D-91B2-3AC2B9928796}.Release|Any CPU.ActiveCfg = Release|Any CPU
		{C1CBD71E-9E8C-457D-91B2-3AC2B9928796}.Release|Any CPU.Build.0 = Release|Any CPU
	EndGlobalSection
	GlobalSection(SolutionProperties) = preSolution
		HideSolutionNode = FALSE
	EndGlobalSection
	GlobalSection(ExtensibilityGlobals) = postSolution
		SolutionGuid = {96DC02BC-F2BA-4134-9BB3-7AB22062FBD0}
	EndGlobalSection
EndGlobal
